// !$*UTF8*$!
{
	archiveVersion = 1;
	classes = {
	};
	objectVersion = 46;
	objects = {

/* Begin PBXBuildFile section */
		2CBFBF4075CD4A38CA97B0AB /* Pods_PeriodicTable.framework in Frameworks */ = {isa = PBXBuildFile; fileRef = 56FA620BD4DB352113D3A137 /* Pods_PeriodicTable.framework */; };
		6F1BF7001A85C6FD00E11C7E /* AppDelegate.swift in Sources */ = {isa = PBXBuildFile; fileRef = 6F1BF6FF1A85C6FD00E11C7E /* AppDelegate.swift */; };
		6F1BF7021A85C6FD00E11C7E /* ViewController.swift in Sources */ = {isa = PBXBuildFile; fileRef = 6F1BF7011A85C6FD00E11C7E /* ViewController.swift */; };
		6F1BF7051A85C6FD00E11C7E /* Main.storyboard in Resources */ = {isa = PBXBuildFile; fileRef = 6F1BF7031A85C6FD00E11C7E /* Main.storyboard */; };
		6F1BF7071A85C6FD00E11C7E /* Images.xcassets in Resources */ = {isa = PBXBuildFile; fileRef = 6F1BF7061A85C6FD00E11C7E /* Images.xcassets */; };
		6F1BF70A1A85C6FD00E11C7E /* LaunchScreen.xib in Resources */ = {isa = PBXBuildFile; fileRef = 6F1BF7081A85C6FD00E11C7E /* LaunchScreen.xib */; };
		6F1BF7161A85C6FE00E11C7E /* PeriodicTableTests.swift in Sources */ = {isa = PBXBuildFile; fileRef = 6F1BF7151A85C6FE00E11C7E /* PeriodicTableTests.swift */; };
		6F264F411D1261B6006509D0 /* PeriodicCollectionViewController.swift in Sources */ = {isa = PBXBuildFile; fileRef = 6F264F401D1261B6006509D0 /* PeriodicCollectionViewController.swift */; };
		6F264F431D129E8D006509D0 /* PeriodicCollectionView.swift in Sources */ = {isa = PBXBuildFile; fileRef = 6F264F421D129E8D006509D0 /* PeriodicCollectionView.swift */; };
		6F264F451D129FAF006509D0 /* PeriodicCollectionViewDelegate.swift in Sources */ = {isa = PBXBuildFile; fileRef = 6F264F441D129FAF006509D0 /* PeriodicCollectionViewDelegate.swift */; };
		6F264F471D129FC2006509D0 /* PeriodicCollectionViewDataSource.swift in Sources */ = {isa = PBXBuildFile; fileRef = 6F264F461D129FC2006509D0 /* PeriodicCollectionViewDataSource.swift */; };
		6F289CAF1A88FA7400DF8EAB /* DetailView.swift in Sources */ = {isa = PBXBuildFile; fileRef = 6F289CAE1A88FA7400DF8EAB /* DetailView.swift */; };
		6F65A1B81A85D21000FD97CB /* PeriodicCollectionViewCell.swift in Sources */ = {isa = PBXBuildFile; fileRef = 6F65A1B61A85D21000FD97CB /* PeriodicCollectionViewCell.swift */; };
		6F65A1B91A85D21000FD97CB /* PeriodicCollectionViewCell.xib in Resources */ = {isa = PBXBuildFile; fileRef = 6F65A1B71A85D21000FD97CB /* PeriodicCollectionViewCell.xib */; };
		6F65A1BB1A85D7E800FD97CB /* PeriodicViewController.swift in Sources */ = {isa = PBXBuildFile; fileRef = 6F65A1BA1A85D7E800FD97CB /* PeriodicViewController.swift */; };
		6F65A1BD1A86176200FD97CB /* Element.swift in Sources */ = {isa = PBXBuildFile; fileRef = 6F65A1BC1A86176200FD97CB /* Element.swift */; };
		6F65A1BF1A8617AE00FD97CB /* PeriodicModel.swift in Sources */ = {isa = PBXBuildFile; fileRef = 6F65A1BE1A8617AE00FD97CB /* PeriodicModel.swift */; };
		6F65A1C21A86425700FD97CB /* DetailViewController.swift in Sources */ = {isa = PBXBuildFile; fileRef = 6F65A1C01A86425700FD97CB /* DetailViewController.swift */; };
		6F65A1C51A8655CB00FD97CB /* ElementDetailView.xib in Resources */ = {isa = PBXBuildFile; fileRef = 6F65A1C41A8655CB00FD97CB /* ElementDetailView.xib */; };
		6F65A1CC1A8779AB00FD97CB /* SeparateCollectionViewCell.swift in Sources */ = {isa = PBXBuildFile; fileRef = 6F65A1CA1A8779AB00FD97CB /* SeparateCollectionViewCell.swift */; };
		6F65A1CD1A8779AB00FD97CB /* SeparateCollectionViewCell.xib in Resources */ = {isa = PBXBuildFile; fileRef = 6F65A1CB1A8779AB00FD97CB /* SeparateCollectionViewCell.xib */; };
		6F65A1CF1A877E5400FD97CB /* TemperatureSliderViewController.swift in Sources */ = {isa = PBXBuildFile; fileRef = 6F65A1CE1A877E5400FD97CB /* TemperatureSliderViewController.swift */; };
		F92B6F2AE1E650A458B81AAB /* Pods_PeriodicTableTests.framework in Frameworks */ = {isa = PBXBuildFile; fileRef = 8B3494A8C523816642F76A29 /* Pods_PeriodicTableTests.framework */; };
/* End PBXBuildFile section */

/* Begin PBXContainerItemProxy section */
		6F1BF7101A85C6FE00E11C7E /* PBXContainerItemProxy */ = {
			isa = PBXContainerItemProxy;
			containerPortal = 6F1BF6F21A85C6FD00E11C7E /* Project object */;
			proxyType = 1;
			remoteGlobalIDString = 6F1BF6F91A85C6FD00E11C7E;
			remoteInfo = PeriodicTable;
		};
/* End PBXContainerItemProxy section */

/* Begin PBXFileReference section */
		54CC16E482CC3FFA7DECF88D /* Pods-PeriodicTableTests.release.xcconfig */ = {isa = PBXFileReference; includeInIndex = 1; lastKnownFileType = text.xcconfig; name = "Pods-PeriodicTableTests.release.xcconfig"; path = "Pods/Target Support Files/Pods-PeriodicTableTests/Pods-PeriodicTableTests.release.xcconfig"; sourceTree = "<group>"; };
		558E1DAADC7A985A59CA34A1 /* Pods-PeriodicTable.release.xcconfig */ = {isa = PBXFileReference; includeInIndex = 1; lastKnownFileType = text.xcconfig; name = "Pods-PeriodicTable.release.xcconfig"; path = "Pods/Target Support Files/Pods-PeriodicTable/Pods-PeriodicTable.release.xcconfig"; sourceTree = "<group>"; };
		56FA620BD4DB352113D3A137 /* Pods_PeriodicTable.framework */ = {isa = PBXFileReference; explicitFileType = wrapper.framework; includeInIndex = 0; path = Pods_PeriodicTable.framework; sourceTree = BUILT_PRODUCTS_DIR; };
		6F1BF6FA1A85C6FD00E11C7E /* PeriodicTable.app */ = {isa = PBXFileReference; explicitFileType = wrapper.application; includeInIndex = 0; path = PeriodicTable.app; sourceTree = BUILT_PRODUCTS_DIR; };
		6F1BF6FE1A85C6FD00E11C7E /* Info.plist */ = {isa = PBXFileReference; lastKnownFileType = text.plist.xml; path = Info.plist; sourceTree = "<group>"; };
		6F1BF6FF1A85C6FD00E11C7E /* AppDelegate.swift */ = {isa = PBXFileReference; lastKnownFileType = sourcecode.swift; path = AppDelegate.swift; sourceTree = "<group>"; };
		6F1BF7011A85C6FD00E11C7E /* ViewController.swift */ = {isa = PBXFileReference; lastKnownFileType = sourcecode.swift; path = ViewController.swift; sourceTree = "<group>"; };
		6F1BF7041A85C6FD00E11C7E /* Base */ = {isa = PBXFileReference; lastKnownFileType = file.storyboard; name = Base; path = Base.lproj/Main.storyboard; sourceTree = "<group>"; };
		6F1BF7061A85C6FD00E11C7E /* Images.xcassets */ = {isa = PBXFileReference; lastKnownFileType = folder.assetcatalog; path = Images.xcassets; sourceTree = "<group>"; };
		6F1BF7091A85C6FD00E11C7E /* Base */ = {isa = PBXFileReference; lastKnownFileType = file.xib; name = Base; path = Base.lproj/LaunchScreen.xib; sourceTree = "<group>"; };
		6F1BF70F1A85C6FE00E11C7E /* PeriodicTableTests.xctest */ = {isa = PBXFileReference; explicitFileType = wrapper.cfbundle; includeInIndex = 0; path = PeriodicTableTests.xctest; sourceTree = BUILT_PRODUCTS_DIR; };
		6F1BF7141A85C6FE00E11C7E /* Info.plist */ = {isa = PBXFileReference; lastKnownFileType = text.plist.xml; path = Info.plist; sourceTree = "<group>"; };
		6F1BF7151A85C6FE00E11C7E /* PeriodicTableTests.swift */ = {isa = PBXFileReference; lastKnownFileType = sourcecode.swift; path = PeriodicTableTests.swift; sourceTree = "<group>"; };
		6F264F401D1261B6006509D0 /* PeriodicCollectionViewController.swift */ = {isa = PBXFileReference; fileEncoding = 4; lastKnownFileType = sourcecode.swift; path = PeriodicCollectionViewController.swift; sourceTree = "<group>"; };
		6F264F421D129E8D006509D0 /* PeriodicCollectionView.swift */ = {isa = PBXFileReference; fileEncoding = 4; lastKnownFileType = sourcecode.swift; path = PeriodicCollectionView.swift; sourceTree = "<group>"; };
		6F264F441D129FAF006509D0 /* PeriodicCollectionViewDelegate.swift */ = {isa = PBXFileReference; fileEncoding = 4; lastKnownFileType = sourcecode.swift; path = PeriodicCollectionViewDelegate.swift; sourceTree = "<group>"; };
		6F264F461D129FC2006509D0 /* PeriodicCollectionViewDataSource.swift */ = {isa = PBXFileReference; fileEncoding = 4; lastKnownFileType = sourcecode.swift; path = PeriodicCollectionViewDataSource.swift; sourceTree = "<group>"; };
		6F289CAE1A88FA7400DF8EAB /* DetailView.swift */ = {isa = PBXFileReference; fileEncoding = 4; lastKnownFileType = sourcecode.swift; path = DetailView.swift; sourceTree = "<group>"; };
		6F65A1B61A85D21000FD97CB /* PeriodicCollectionViewCell.swift */ = {isa = PBXFileReference; fileEncoding = 4; lastKnownFileType = sourcecode.swift; path = PeriodicCollectionViewCell.swift; sourceTree = "<group>"; };
		6F65A1B71A85D21000FD97CB /* PeriodicCollectionViewCell.xib */ = {isa = PBXFileReference; fileEncoding = 4; lastKnownFileType = file.xib; path = PeriodicCollectionViewCell.xib; sourceTree = "<group>"; };
		6F65A1BA1A85D7E800FD97CB /* PeriodicViewController.swift */ = {isa = PBXFileReference; fileEncoding = 4; lastKnownFileType = sourcecode.swift; path = PeriodicViewController.swift; sourceTree = "<group>"; };
		6F65A1BC1A86176200FD97CB /* Element.swift */ = {isa = PBXFileReference; fileEncoding = 4; lastKnownFileType = sourcecode.swift; path = Element.swift; sourceTree = "<group>"; };
		6F65A1BE1A8617AE00FD97CB /* PeriodicModel.swift */ = {isa = PBXFileReference; fileEncoding = 4; lastKnownFileType = sourcecode.swift; path = PeriodicModel.swift; sourceTree = "<group>"; };
		6F65A1C01A86425700FD97CB /* DetailViewController.swift */ = {isa = PBXFileReference; fileEncoding = 4; lastKnownFileType = sourcecode.swift; path = DetailViewController.swift; sourceTree = "<group>"; };
		6F65A1C41A8655CB00FD97CB /* ElementDetailView.xib */ = {isa = PBXFileReference; fileEncoding = 4; lastKnownFileType = file.xib; path = ElementDetailView.xib; sourceTree = "<group>"; };
		6F65A1CA1A8779AB00FD97CB /* SeparateCollectionViewCell.swift */ = {isa = PBXFileReference; fileEncoding = 4; lastKnownFileType = sourcecode.swift; path = SeparateCollectionViewCell.swift; sourceTree = "<group>"; };
		6F65A1CB1A8779AB00FD97CB /* SeparateCollectionViewCell.xib */ = {isa = PBXFileReference; fileEncoding = 4; lastKnownFileType = file.xib; path = SeparateCollectionViewCell.xib; sourceTree = "<group>"; };
		6F65A1CE1A877E5400FD97CB /* TemperatureSliderViewController.swift */ = {isa = PBXFileReference; fileEncoding = 4; lastKnownFileType = sourcecode.swift; path = TemperatureSliderViewController.swift; sourceTree = "<group>"; };
		8B3494A8C523816642F76A29 /* Pods_PeriodicTableTests.framework */ = {isa = PBXFileReference; explicitFileType = wrapper.framework; includeInIndex = 0; path = Pods_PeriodicTableTests.framework; sourceTree = BUILT_PRODUCTS_DIR; };
		A2179F88C5E6069DC40FFC53 /* Pods-PeriodicTable.debug.xcconfig */ = {isa = PBXFileReference; includeInIndex = 1; lastKnownFileType = text.xcconfig; name = "Pods-PeriodicTable.debug.xcconfig"; path = "Pods/Target Support Files/Pods-PeriodicTable/Pods-PeriodicTable.debug.xcconfig"; sourceTree = "<group>"; };
		D9F74C8C0D6726C7CF9E7F11 /* Pods-PeriodicTableTests.debug.xcconfig */ = {isa = PBXFileReference; includeInIndex = 1; lastKnownFileType = text.xcconfig; name = "Pods-PeriodicTableTests.debug.xcconfig"; path = "Pods/Target Support Files/Pods-PeriodicTableTests/Pods-PeriodicTableTests.debug.xcconfig"; sourceTree = "<group>"; };
/* End PBXFileReference section */

/* Begin PBXFrameworksBuildPhase section */
		6F1BF6F71A85C6FD00E11C7E /* Frameworks */ = {
			isa = PBXFrameworksBuildPhase;
			buildActionMask = 2147483647;
			files = (
				2CBFBF4075CD4A38CA97B0AB /* Pods_PeriodicTable.framework in Frameworks */,
			);
			runOnlyForDeploymentPostprocessing = 0;
		};
		6F1BF70C1A85C6FE00E11C7E /* Frameworks */ = {
			isa = PBXFrameworksBuildPhase;
			buildActionMask = 2147483647;
			files = (
				F92B6F2AE1E650A458B81AAB /* Pods_PeriodicTableTests.framework in Frameworks */,
			);
			runOnlyForDeploymentPostprocessing = 0;
		};
/* End PBXFrameworksBuildPhase section */

/* Begin PBXGroup section */
		3088E9D56B3495192AE45CF7 /* Pods */ = {
			isa = PBXGroup;
			children = (
				A2179F88C5E6069DC40FFC53 /* Pods-PeriodicTable.debug.xcconfig */,
				558E1DAADC7A985A59CA34A1 /* Pods-PeriodicTable.release.xcconfig */,
				D9F74C8C0D6726C7CF9E7F11 /* Pods-PeriodicTableTests.debug.xcconfig */,
				54CC16E482CC3FFA7DECF88D /* Pods-PeriodicTableTests.release.xcconfig */,
			);
			name = Pods;
			sourceTree = "<group>";
		};
		6F1BF6F11A85C6FD00E11C7E = {
			isa = PBXGroup;
			children = (
				6F1BF6FC1A85C6FD00E11C7E /* PeriodicTable */,
				6F1BF7121A85C6FE00E11C7E /* PeriodicTableTests */,
				6F1BF6FB1A85C6FD00E11C7E /* Products */,
				3088E9D56B3495192AE45CF7 /* Pods */,
				B94437DD2A320EB93603B7D6 /* Frameworks */,
			);
			sourceTree = "<group>";
		};
		6F1BF6FB1A85C6FD00E11C7E /* Products */ = {
			isa = PBXGroup;
			children = (
				6F1BF6FA1A85C6FD00E11C7E /* PeriodicTable.app */,
				6F1BF70F1A85C6FE00E11C7E /* PeriodicTableTests.xctest */,
			);
			name = Products;
			sourceTree = "<group>";
		};
		6F1BF6FC1A85C6FD00E11C7E /* PeriodicTable */ = {
			isa = PBXGroup;
			children = (
				6F1BF6FF1A85C6FD00E11C7E /* AppDelegate.swift */,
				6F1BF7011A85C6FD00E11C7E /* ViewController.swift */,
				6F65A1BA1A85D7E800FD97CB /* PeriodicViewController.swift */,
				6F65A1CE1A877E5400FD97CB /* TemperatureSliderViewController.swift */,
				6F65A1BE1A8617AE00FD97CB /* PeriodicModel.swift */,
				6F65A1C01A86425700FD97CB /* DetailViewController.swift */,
				6F289CAE1A88FA7400DF8EAB /* DetailView.swift */,
				6F65A1C41A8655CB00FD97CB /* ElementDetailView.xib */,
				6F65A1BC1A86176200FD97CB /* Element.swift */,
				6F65A1B61A85D21000FD97CB /* PeriodicCollectionViewCell.swift */,
				6F65A1B71A85D21000FD97CB /* PeriodicCollectionViewCell.xib */,
				6F65A1CA1A8779AB00FD97CB /* SeparateCollectionViewCell.swift */,
				6F65A1CB1A8779AB00FD97CB /* SeparateCollectionViewCell.xib */,
				6F1BF7031A85C6FD00E11C7E /* Main.storyboard */,
				6F264F421D129E8D006509D0 /* PeriodicCollectionView.swift */,
				6F264F441D129FAF006509D0 /* PeriodicCollectionViewDelegate.swift */,
				6F264F461D129FC2006509D0 /* PeriodicCollectionViewDataSource.swift */,
				6F264F401D1261B6006509D0 /* PeriodicCollectionViewController.swift */,
				6F1BF7061A85C6FD00E11C7E /* Images.xcassets */,
				6F1BF7081A85C6FD00E11C7E /* LaunchScreen.xib */,
				6F1BF6FD1A85C6FD00E11C7E /* Supporting Files */,
			);
			path = PeriodicTable;
			sourceTree = "<group>";
		};
		6F1BF6FD1A85C6FD00E11C7E /* Supporting Files */ = {
			isa = PBXGroup;
			children = (
				6F1BF6FE1A85C6FD00E11C7E /* Info.plist */,
			);
			name = "Supporting Files";
			sourceTree = "<group>";
		};
		6F1BF7121A85C6FE00E11C7E /* PeriodicTableTests */ = {
			isa = PBXGroup;
			children = (
				6F1BF7151A85C6FE00E11C7E /* PeriodicTableTests.swift */,
				6F1BF7131A85C6FE00E11C7E /* Supporting Files */,
			);
			path = PeriodicTableTests;
			sourceTree = "<group>";
		};
		6F1BF7131A85C6FE00E11C7E /* Supporting Files */ = {
			isa = PBXGroup;
			children = (
				6F1BF7141A85C6FE00E11C7E /* Info.plist */,
			);
			name = "Supporting Files";
			sourceTree = "<group>";
		};
		B94437DD2A320EB93603B7D6 /* Frameworks */ = {
			isa = PBXGroup;
			children = (
				56FA620BD4DB352113D3A137 /* Pods_PeriodicTable.framework */,
				8B3494A8C523816642F76A29 /* Pods_PeriodicTableTests.framework */,
			);
			name = Frameworks;
			sourceTree = "<group>";
		};
/* End PBXGroup section */

/* Begin PBXNativeTarget section */
		6F1BF6F91A85C6FD00E11C7E /* PeriodicTable */ = {
			isa = PBXNativeTarget;
			buildConfigurationList = 6F1BF7191A85C6FE00E11C7E /* Build configuration list for PBXNativeTarget "PeriodicTable" */;
			buildPhases = (
				AE122BBAA101E3BD35CAA238 /* [CP] Check Pods Manifest.lock */,
				6F1BF6F61A85C6FD00E11C7E /* Sources */,
				6F1BF6F71A85C6FD00E11C7E /* Frameworks */,
				6F1BF6F81A85C6FD00E11C7E /* Resources */,
				EE57BE9E10002697E91D2E71 /* [CP] Embed Pods Frameworks */,
				D464DCD7272E8D13595978EF /* [CP] Copy Pods Resources */,
				5F04D45AD752E95FFF421D3F /* Embed Pods Frameworks */,
			);
			buildRules = (
			);
			dependencies = (
			);
			name = PeriodicTable;
			productName = PeriodicTable;
			productReference = 6F1BF6FA1A85C6FD00E11C7E /* PeriodicTable.app */;
			productType = "com.apple.product-type.application";
		};
		6F1BF70E1A85C6FE00E11C7E /* PeriodicTableTests */ = {
			isa = PBXNativeTarget;
			buildConfigurationList = 6F1BF71C1A85C6FE00E11C7E /* Build configuration list for PBXNativeTarget "PeriodicTableTests" */;
			buildPhases = (
				4B89ED438831AB8ADA4479C4 /* [CP] Check Pods Manifest.lock */,
				6F1BF70B1A85C6FE00E11C7E /* Sources */,
				6F1BF70C1A85C6FE00E11C7E /* Frameworks */,
				6F1BF70D1A85C6FE00E11C7E /* Resources */,
				F52DC1FDA383288D77737501 /* [CP] Embed Pods Frameworks */,
				C05577D7EB451B702DE715C8 /* [CP] Copy Pods Resources */,
				C793740270CC7A622BBB31FF /* Embed Pods Frameworks */,
			);
			buildRules = (
			);
			dependencies = (
				6F1BF7111A85C6FE00E11C7E /* PBXTargetDependency */,
			);
			name = PeriodicTableTests;
			productName = PeriodicTableTests;
			productReference = 6F1BF70F1A85C6FE00E11C7E /* PeriodicTableTests.xctest */;
			productType = "com.apple.product-type.bundle.unit-test";
		};
/* End PBXNativeTarget section */

/* Begin PBXProject section */
		6F1BF6F21A85C6FD00E11C7E /* Project object */ = {
			isa = PBXProject;
			attributes = {
				LastSwiftUpdateCheck = 0710;
				LastUpgradeCheck = 0610;
				ORGANIZATIONNAME = "University of Tsukuba";
				TargetAttributes = {
					6F1BF6F91A85C6FD00E11C7E = {
						CreatedOnToolsVersion = 6.1.1;
					};
					6F1BF70E1A85C6FE00E11C7E = {
						CreatedOnToolsVersion = 6.1.1;
						TestTargetID = 6F1BF6F91A85C6FD00E11C7E;
					};
				};
			};
			buildConfigurationList = 6F1BF6F51A85C6FD00E11C7E /* Build configuration list for PBXProject "PeriodicTable" */;
			compatibilityVersion = "Xcode 3.2";
			developmentRegion = English;
			hasScannedForEncodings = 0;
			knownRegions = (
				en,
				Base,
			);
			mainGroup = 6F1BF6F11A85C6FD00E11C7E;
			productRefGroup = 6F1BF6FB1A85C6FD00E11C7E /* Products */;
			projectDirPath = "";
			projectRoot = "";
			targets = (
				6F1BF6F91A85C6FD00E11C7E /* PeriodicTable */,
				6F1BF70E1A85C6FE00E11C7E /* PeriodicTableTests */,
			);
		};
/* End PBXProject section */

/* Begin PBXResourcesBuildPhase section */
		6F1BF6F81A85C6FD00E11C7E /* Resources */ = {
			isa = PBXResourcesBuildPhase;
			buildActionMask = 2147483647;
			files = (
				6F1BF7051A85C6FD00E11C7E /* Main.storyboard in Resources */,
				6F65A1B91A85D21000FD97CB /* PeriodicCollectionViewCell.xib in Resources */,
				6F65A1CD1A8779AB00FD97CB /* SeparateCollectionViewCell.xib in Resources */,
				6F65A1C51A8655CB00FD97CB /* ElementDetailView.xib in Resources */,
				6F1BF70A1A85C6FD00E11C7E /* LaunchScreen.xib in Resources */,
				6F1BF7071A85C6FD00E11C7E /* Images.xcassets in Resources */,
			);
			runOnlyForDeploymentPostprocessing = 0;
		};
		6F1BF70D1A85C6FE00E11C7E /* Resources */ = {
			isa = PBXResourcesBuildPhase;
			buildActionMask = 2147483647;
			files = (
			);
			runOnlyForDeploymentPostprocessing = 0;
		};
/* End PBXResourcesBuildPhase section */

/* Begin PBXShellScriptBuildPhase section */
		4B89ED438831AB8ADA4479C4 /* [CP] Check Pods Manifest.lock */ = {
			isa = PBXShellScriptBuildPhase;
			buildActionMask = 2147483647;
			files = (
			);
			inputPaths = (
			);
			name = "[CP] Check Pods Manifest.lock";
			outputPaths = (
			);
			runOnlyForDeploymentPostprocessing = 0;
			shellPath = /bin/sh;
			shellScript = "diff \"${PODS_ROOT}/../Podfile.lock\" \"${PODS_ROOT}/Manifest.lock\" > /dev/null\nif [[ $? != 0 ]] ; then\n    cat << EOM\nerror: The sandbox is not in sync with the Podfile.lock. Run 'pod install' or update your CocoaPods installation.\nEOM\n    exit 1\nfi\n";
			showEnvVarsInLog = 0;
		};
		5F04D45AD752E95FFF421D3F /* Embed Pods Frameworks */ = {
			isa = PBXShellScriptBuildPhase;
			buildActionMask = 2147483647;
			files = (
			);
			inputPaths = (
			);
			name = "Embed Pods Frameworks";
			outputPaths = (
			);
			runOnlyForDeploymentPostprocessing = 0;
			shellPath = /bin/sh;
			shellScript = "\"${SRCROOT}/Pods/Target Support Files/Pods-PeriodicTable/Pods-PeriodicTable-frameworks.sh\"\n";
			showEnvVarsInLog = 0;
		};
		AE122BBAA101E3BD35CAA238 /* [CP] Check Pods Manifest.lock */ = {
			isa = PBXShellScriptBuildPhase;
			buildActionMask = 2147483647;
			files = (
			);
			inputPaths = (
			);
			name = "[CP] Check Pods Manifest.lock";
			outputPaths = (
			);
			runOnlyForDeploymentPostprocessing = 0;
			shellPath = /bin/sh;
			shellScript = "diff \"${PODS_ROOT}/../Podfile.lock\" \"${PODS_ROOT}/Manifest.lock\" > /dev/null\nif [[ $? != 0 ]] ; then\n    cat << EOM\nerror: The sandbox is not in sync with the Podfile.lock. Run 'pod install' or update your CocoaPods installation.\nEOM\n    exit 1\nfi\n";
			showEnvVarsInLog = 0;
		};
		C05577D7EB451B702DE715C8 /* [CP] Copy Pods Resources */ = {
			isa = PBXShellScriptBuildPhase;
			buildActionMask = 2147483647;
			files = (
			);
			inputPaths = (
			);
			name = "[CP] Copy Pods Resources";
			outputPaths = (
			);
			runOnlyForDeploymentPostprocessing = 0;
			shellPath = /bin/sh;
			shellScript = "\"${SRCROOT}/Pods/Target Support Files/Pods-PeriodicTableTests/Pods-PeriodicTableTests-resources.sh\"\n";
			showEnvVarsInLog = 0;
		};
		C793740270CC7A622BBB31FF /* Embed Pods Frameworks */ = {
			isa = PBXShellScriptBuildPhase;
			buildActionMask = 2147483647;
			files = (
			);
			inputPaths = (
			);
			name = "Embed Pods Frameworks";
			outputPaths = (
			);
			runOnlyForDeploymentPostprocessing = 0;
			shellPath = /bin/sh;
			shellScript = "\"${SRCROOT}/Pods/Target Support Files/Pods-PeriodicTableTests/Pods-PeriodicTableTests-frameworks.sh\"\n";
			showEnvVarsInLog = 0;
		};
		D464DCD7272E8D13595978EF /* [CP] Copy Pods Resources */ = {
			isa = PBXShellScriptBuildPhase;
			buildActionMask = 2147483647;
			files = (
			);
			inputPaths = (
			);
			name = "[CP] Copy Pods Resources";
			outputPaths = (
			);
			runOnlyForDeploymentPostprocessing = 0;
			shellPath = /bin/sh;
			shellScript = "\"${SRCROOT}/Pods/Target Support Files/Pods-PeriodicTable/Pods-PeriodicTable-resources.sh\"\n";
			showEnvVarsInLog = 0;
		};
		EE57BE9E10002697E91D2E71 /* [CP] Embed Pods Frameworks */ = {
			isa = PBXShellScriptBuildPhase;
			buildActionMask = 2147483647;
			files = (
			);
			inputPaths = (
			);
			name = "[CP] Embed Pods Frameworks";
			outputPaths = (
			);
			runOnlyForDeploymentPostprocessing = 0;
			shellPath = /bin/sh;
			shellScript = "\"${SRCROOT}/Pods/Target Support Files/Pods-PeriodicTable/Pods-PeriodicTable-frameworks.sh\"\n";
			showEnvVarsInLog = 0;
		};
		F52DC1FDA383288D77737501 /* [CP] Embed Pods Frameworks */ = {
			isa = PBXShellScriptBuildPhase;
			buildActionMask = 2147483647;
			files = (
			);
			inputPaths = (
			);
			name = "[CP] Embed Pods Frameworks";
			outputPaths = (
			);
			runOnlyForDeploymentPostprocessing = 0;
			shellPath = /bin/sh;
			shellScript = "\"${SRCROOT}/Pods/Target Support Files/Pods-PeriodicTableTests/Pods-PeriodicTableTests-frameworks.sh\"\n";
			showEnvVarsInLog = 0;
		};
/* End PBXShellScriptBuildPhase section */

/* Begin PBXSourcesBuildPhase section */
		6F1BF6F61A85C6FD00E11C7E /* Sources */ = {
			isa = PBXSourcesBuildPhase;
			buildActionMask = 2147483647;
			files = (
				6F1BF7021A85C6FD00E11C7E /* ViewController.swift in Sources */,
				6F65A1BB1A85D7E800FD97CB /* PeriodicViewController.swift in Sources */,
				6F264F471D129FC2006509D0 /* PeriodicCollectionViewDataSource.swift in Sources */,
				6F1BF7001A85C6FD00E11C7E /* AppDelegate.swift in Sources */,
				6F65A1B81A85D21000FD97CB /* PeriodicCollectionViewCell.swift in Sources */,
				6F289CAF1A88FA7400DF8EAB /* DetailView.swift in Sources */,
				6F264F431D129E8D006509D0 /* PeriodicCollectionView.swift in Sources */,
				6F65A1BF1A8617AE00FD97CB /* PeriodicModel.swift in Sources */,
				6F264F411D1261B6006509D0 /* PeriodicCollectionViewController.swift in Sources */,
				6F65A1CF1A877E5400FD97CB /* TemperatureSliderViewController.swift in Sources */,
				6F65A1CC1A8779AB00FD97CB /* SeparateCollectionViewCell.swift in Sources */,
				6F264F451D129FAF006509D0 /* PeriodicCollectionViewDelegate.swift in Sources */,
				6F65A1BD1A86176200FD97CB /* Element.swift in Sources */,
				6F65A1C21A86425700FD97CB /* DetailViewController.swift in Sources */,
			);
			runOnlyForDeploymentPostprocessing = 0;
		};
		6F1BF70B1A85C6FE00E11C7E /* Sources */ = {
			isa = PBXSourcesBuildPhase;
			buildActionMask = 2147483647;
			files = (
				6F1BF7161A85C6FE00E11C7E /* PeriodicTableTests.swift in Sources */,
			);
			runOnlyForDeploymentPostprocessing = 0;
		};
/* End PBXSourcesBuildPhase section */

/* Begin PBXTargetDependency section */
		6F1BF7111A85C6FE00E11C7E /* PBXTargetDependency */ = {
			isa = PBXTargetDependency;
			target = 6F1BF6F91A85C6FD00E11C7E /* PeriodicTable */;
			targetProxy = 6F1BF7101A85C6FE00E11C7E /* PBXContainerItemProxy */;
		};
/* End PBXTargetDependency section */

/* Begin PBXVariantGroup section */
		6F1BF7031A85C6FD00E11C7E /* Main.storyboard */ = {
			isa = PBXVariantGroup;
			children = (
				6F1BF7041A85C6FD00E11C7E /* Base */,
			);
			name = Main.storyboard;
			sourceTree = "<group>";
		};
		6F1BF7081A85C6FD00E11C7E /* LaunchScreen.xib */ = {
			isa = PBXVariantGroup;
			children = (
				6F1BF7091A85C6FD00E11C7E /* Base */,
			);
			name = LaunchScreen.xib;
			sourceTree = "<group>";
		};
/* End PBXVariantGroup section */

/* Begin XCBuildConfiguration section */
		6F1BF7171A85C6FE00E11C7E /* Debug */ = {
			isa = XCBuildConfiguration;
			buildSettings = {
				ALWAYS_SEARCH_USER_PATHS = NO;
				CLANG_CXX_LANGUAGE_STANDARD = "gnu++0x";
				CLANG_CXX_LIBRARY = "libc++";
				CLANG_ENABLE_MODULES = YES;
				CLANG_ENABLE_OBJC_ARC = YES;
				CLANG_WARN_BOOL_CONVERSION = YES;
				CLANG_WARN_CONSTANT_CONVERSION = YES;
				CLANG_WARN_DIRECT_OBJC_ISA_USAGE = YES_ERROR;
				CLANG_WARN_EMPTY_BODY = YES;
				CLANG_WARN_ENUM_CONVERSION = YES;
				CLANG_WARN_INT_CONVERSION = YES;
				CLANG_WARN_OBJC_ROOT_CLASS = YES_ERROR;
				CLANG_WARN_UNREACHABLE_CODE = YES;
				CLANG_WARN__DUPLICATE_METHOD_MATCH = YES;
				"CODE_SIGN_IDENTITY[sdk=iphoneos*]" = "iPhone Developer";
				COPY_PHASE_STRIP = NO;
				ENABLE_STRICT_OBJC_MSGSEND = YES;
				GCC_C_LANGUAGE_STANDARD = gnu99;
				GCC_DYNAMIC_NO_PIC = NO;
				GCC_OPTIMIZATION_LEVEL = 0;
				GCC_PREPROCESSOR_DEFINITIONS = (
					"DEBUG=1",
					"$(inherited)",
				);
				GCC_SYMBOLS_PRIVATE_EXTERN = NO;
				GCC_WARN_64_TO_32_BIT_CONVERSION = YES;
				GCC_WARN_ABOUT_RETURN_TYPE = YES_ERROR;
				GCC_WARN_UNDECLARED_SELECTOR = YES;
				GCC_WARN_UNINITIALIZED_AUTOS = YES_AGGRESSIVE;
				GCC_WARN_UNUSED_FUNCTION = YES;
				GCC_WARN_UNUSED_VARIABLE = YES;
				IPHONEOS_DEPLOYMENT_TARGET = 8.1;
				MTL_ENABLE_DEBUG_INFO = YES;
				ONLY_ACTIVE_ARCH = YES;
				SDKROOT = iphoneos;
				SWIFT_OPTIMIZATION_LEVEL = "-Onone";
				TARGETED_DEVICE_FAMILY = 2;
			};
			name = Debug;
		};
		6F1BF7181A85C6FE00E11C7E /* Release */ = {
			isa = XCBuildConfiguration;
			buildSettings = {
				ALWAYS_SEARCH_USER_PATHS = NO;
				CLANG_CXX_LANGUAGE_STANDARD = "gnu++0x";
				CLANG_CXX_LIBRARY = "libc++";
				CLANG_ENABLE_MODULES = YES;
				CLANG_ENABLE_OBJC_ARC = YES;
				CLANG_WARN_BOOL_CONVERSION = YES;
				CLANG_WARN_CONSTANT_CONVERSION = YES;
				CLANG_WARN_DIRECT_OBJC_ISA_USAGE = YES_ERROR;
				CLANG_WARN_EMPTY_BODY = YES;
				CLANG_WARN_ENUM_CONVERSION = YES;
				CLANG_WARN_INT_CONVERSION = YES;
				CLANG_WARN_OBJC_ROOT_CLASS = YES_ERROR;
				CLANG_WARN_UNREACHABLE_CODE = YES;
				CLANG_WARN__DUPLICATE_METHOD_MATCH = YES;
				"CODE_SIGN_IDENTITY[sdk=iphoneos*]" = "iPhone Developer";
				COPY_PHASE_STRIP = YES;
				ENABLE_NS_ASSERTIONS = NO;
				ENABLE_STRICT_OBJC_MSGSEND = YES;
				GCC_C_LANGUAGE_STANDARD = gnu99;
				GCC_WARN_64_TO_32_BIT_CONVERSION = YES;
				GCC_WARN_ABOUT_RETURN_TYPE = YES_ERROR;
				GCC_WARN_UNDECLARED_SELECTOR = YES;
				GCC_WARN_UNINITIALIZED_AUTOS = YES_AGGRESSIVE;
				GCC_WARN_UNUSED_FUNCTION = YES;
				GCC_WARN_UNUSED_VARIABLE = YES;
				IPHONEOS_DEPLOYMENT_TARGET = 8.1;
				MTL_ENABLE_DEBUG_INFO = NO;
				ONLY_ACTIVE_ARCH = YES;
				SDKROOT = iphoneos;
				TARGETED_DEVICE_FAMILY = 2;
				VALIDATE_PRODUCT = YES;
			};
			name = Release;
		};
		6F1BF71A1A85C6FE00E11C7E /* Debug */ = {
			isa = XCBuildConfiguration;
			baseConfigurationReference = A2179F88C5E6069DC40FFC53 /* Pods-PeriodicTable.debug.xcconfig */;
			buildSettings = {
				ASSETCATALOG_COMPILER_APPICON_NAME = AppIcon;
				FRAMEWORK_SEARCH_PATHS = (
					"$(inherited)",
					"$(PROJECT_DIR)/build/Debug-iphoneos",
				);
				INFOPLIST_FILE = PeriodicTable/Info.plist;
				IPHONEOS_DEPLOYMENT_TARGET = 8.3;
				LD_RUNPATH_SEARCH_PATHS = "$(inherited) @executable_path/Frameworks";
				OTHER_LDFLAGS = (
					"-framework",
					"\"Realm\"",
					"-framework",
					"\"RealmSwift\"",
					"$(inherited)",
				);
				PRODUCT_NAME = "$(TARGET_NAME)";
			};
			name = Debug;
		};
		6F1BF71B1A85C6FE00E11C7E /* Release */ = {
			isa = XCBuildConfiguration;
			baseConfigurationReference = 558E1DAADC7A985A59CA34A1 /* Pods-PeriodicTable.release.xcconfig */;
			buildSettings = {
				ASSETCATALOG_COMPILER_APPICON_NAME = AppIcon;
				FRAMEWORK_SEARCH_PATHS = (
					"$(inherited)",
					"$(PROJECT_DIR)/build/Debug-iphoneos",
				);
				INFOPLIST_FILE = PeriodicTable/Info.plist;
				IPHONEOS_DEPLOYMENT_TARGET = 8.3;
				LD_RUNPATH_SEARCH_PATHS = "$(inherited) @executable_path/Frameworks";
				OTHER_LDFLAGS = (
					"-framework",
					"\"Realm\"",
					"-framework",
					"\"RealmSwift\"",
					"$(inherited)",
				);
				PRODUCT_NAME = "$(TARGET_NAME)";
			};
			name = Release;
		};
		6F1BF71D1A85C6FE00E11C7E /* Debug */ = {
			isa = XCBuildConfiguration;
			baseConfigurationReference = D9F74C8C0D6726C7CF9E7F11 /* Pods-PeriodicTableTests.debug.xcconfig */;
			buildSettings = {
				BUNDLE_LOADER = "$(TEST_HOST)";
				FRAMEWORK_SEARCH_PATHS = (
					"$(SDKROOT)/Developer/Library/Frameworks",
					"$(inherited)",
				);
				GCC_PREPROCESSOR_DEFINITIONS = (
					"DEBUG=1",
					"$(inherited)",
				);
				INFOPLIST_FILE = PeriodicTableTests/Info.plist;
				LD_RUNPATH_SEARCH_PATHS = "$(inherited) @executable_path/Frameworks @loader_path/Frameworks";
				PRODUCT_NAME = "$(TARGET_NAME)";
				TEST_HOST = "$(BUILT_PRODUCTS_DIR)/PeriodicTable.app/PeriodicTable";
			};
			name = Debug;
		};
		6F1BF71E1A85C6FE00E11C7E /* Release */ = {
			isa = XCBuildConfiguration;
			baseConfigurationReference = 54CC16E482CC3FFA7DECF88D /* Pods-PeriodicTableTests.release.xcconfig */;
			buildSettings = {
				BUNDLE_LOADER = "$(TEST_HOST)";
				FRAMEWORK_SEARCH_PATHS = (
					"$(SDKROOT)/Developer/Library/Frameworks",
					"$(inherited)",
				);
				INFOPLIST_FILE = PeriodicTableTests/Info.plist;
				LD_RUNPATH_SEARCH_PATHS = "$(inherited) @executable_path/Frameworks @loader_path/Frameworks";
				PRODUCT_NAME = "$(TARGET_NAME)";
				TEST_HOST = "$(BUILT_PRODUCTS_DIR)/PeriodicTable.app/PeriodicTable";
			};
			name = Release;
		};
/* End XCBuildConfiguration section */

/* Begin XCConfigurationList section */
		6F1BF6F51A85C6FD00E11C7E /* Build configuration list for PBXProject "PeriodicTable" */ = {
			isa = XCConfigurationList;
			buildConfigurations = (
				6F1BF7171A85C6FE00E11C7E /* Debug */,
				6F1BF7181A85C6FE00E11C7E /* Release */,
			);
			defaultConfigurationIsVisible = 0;
			defaultConfigurationName = Release;
		};
		6F1BF7191A85C6FE00E11C7E /* Build configuration list for PBXNativeTarget "PeriodicTable" */ = {
			isa = XCConfigurationList;
			buildConfigurations = (
				6F1BF71A1A85C6FE00E11C7E /* Debug */,
				6F1BF71B1A85C6FE00E11C7E /* Release */,
			);
			defaultConfigurationIsVisible = 0;
			defaultConfigurationName = Release;
		};
		6F1BF71C1A85C6FE00E11C7E /* Build configuration list for PBXNativeTarget "PeriodicTableTests" */ = {
			isa = XCConfigurationList;
			buildConfigurations = (
				6F1BF71D1A85C6FE00E11C7E /* Debug */,
				6F1BF71E1A85C6FE00E11C7E /* Release */,
			);
			defaultConfigurationIsVisible = 0;
			defaultConfigurationName = Release;
		};
/* End XCConfigurationList section */
	};
	rootObject = 6F1BF6F21A85C6FD00E11C7E /* Project object */;
}
